
Microsoft Visual Studio Solution File, Format Version 12.00
# Visual Studio Version 17
VisualStudioVersion = 17.0.31919.166
MinimumVisualStudioVersion = 10.0.40219.1
Project("{FAE04EC0-301F-11D3-BF4B-00C04F79EFBC}") = "ExpensesTracker", "ExpensesTracker\ExpensesTracker.csproj", "{D04F7A9E-509F-4A65-806D-8BFC6A0C4FF4}"
EndProject
Global
	GlobalSection(SolutionConfigurationPlatforms) = preSolution
		Debug|Any CPU = Debug|Any CPU
		Release|Any CPU = Release|Any CPU
	EndGlobalSection
	GlobalSection(ProjectConfigurationPlatforms) = postSolution
		{D04F7A9E-509F-4A65-806D-8BFC6A0C4FF4}.Debug|Any CPU.ActiveCfg = Debug|Any CPU
		{D04F7A9E-509F-4A65-806D-8BFC6A0C4FF4}.Debug|Any CPU.Build.0 = Debug|Any CPU
		{D04F7A9E-509F-4A65-806D-8BFC6A0C4FF4}.Release|Any CPU.ActiveCfg = Release|Any CPU
		{D04F7A9E-509F-4A65-806D-8BFC6A0C4FF4}.Release|Any CPU.Build.0 = Release|Any CPU
	EndGlobalSection
	GlobalSection(SolutionProperties) = preSolution
		HideSolutionNode = FALSE
	EndGlobalSection
	GlobalSection(ExtensibilityGlobals) = postSolution
		SolutionGuid = {728077E9-C910-4FAB-9CD0-0E613DFD010E}
	EndGlobalSection
EndGlobal
